// !$*UTF8*$!
{
	archiveVersion = 1;
	classes = {
	};
	objectVersion = 48;
	objects = {

/* Begin PBXBuildFile section */
		F03AA70D20890EC000AE3001 /* GameOverScene.swift in Sources */ = {isa = PBXBuildFile; fileRef = F03AA70C20890EC000AE3001 /* GameOverScene.swift */; };
		F03AA71120891D5B00AE3001 /* background.mp3 in Resources */ = {isa = PBXBuildFile; fileRef = F03AA71020891D5B00AE3001 /* background.mp3 */; };
		F03AA7132089304E00AE3001 /* GameTitleScene.swift in Sources */ = {isa = PBXBuildFile; fileRef = F03AA7122089304E00AE3001 /* GameTitleScene.swift */; };
		F03AA7152089375F00AE3001 /* MyParticle.sks in Resources */ = {isa = PBXBuildFile; fileRef = F03AA7142089375F00AE3001 /* MyParticle.sks */; };
		F065B8DC2076B1BE00AD4EB6 /* AppDelegate.swift in Sources */ = {isa = PBXBuildFile; fileRef = F065B8DB2076B1BE00AD4EB6 /* AppDelegate.swift */; };
		F065B8DE2076B1BE00AD4EB6 /* GameScene.sks in Resources */ = {isa = PBXBuildFile; fileRef = F065B8DD2076B1BE00AD4EB6 /* GameScene.sks */; };
		F065B8E02076B1BE00AD4EB6 /* Actions.sks in Resources */ = {isa = PBXBuildFile; fileRef = F065B8DF2076B1BE00AD4EB6 /* Actions.sks */; };
		F065B8E22076B1BE00AD4EB6 /* GameScene.swift in Sources */ = {isa = PBXBuildFile; fileRef = F065B8E12076B1BE00AD4EB6 /* GameScene.swift */; };
		F065B8E42076B1BE00AD4EB6 /* GameViewController.swift in Sources */ = {isa = PBXBuildFile; fileRef = F065B8E32076B1BE00AD4EB6 /* GameViewController.swift */; };
		F065B8E72076B1BE00AD4EB6 /* Main.storyboard in Resources */ = {isa = PBXBuildFile; fileRef = F065B8E52076B1BE00AD4EB6 /* Main.storyboard */; };
		F065B8E92076B1BE00AD4EB6 /* Assets.xcassets in Resources */ = {isa = PBXBuildFile; fileRef = F065B8E82076B1BE00AD4EB6 /* Assets.xcassets */; };
		F065B8EC2076B1BE00AD4EB6 /* LaunchScreen.storyboard in Resources */ = {isa = PBXBuildFile; fileRef = F065B8EA2076B1BE00AD4EB6 /* LaunchScreen.storyboard */; };
		F065B8F72076B1BE00AD4EB6 /* IOS_FINALTests.swift in Sources */ = {isa = PBXBuildFile; fileRef = F065B8F62076B1BE00AD4EB6 /* IOS_FINALTests.swift */; };
		F065B9022076B1BE00AD4EB6 /* IOS_FINALUITests.swift in Sources */ = {isa = PBXBuildFile; fileRef = F065B9012076B1BE00AD4EB6 /* IOS_FINALUITests.swift */; };
		F065B9102076B3CB00AD4EB6 /* GameElements.swift in Sources */ = {isa = PBXBuildFile; fileRef = F065B90F2076B3CB00AD4EB6 /* GameElements.swift */; };
/* End PBXBuildFile section */

/* Begin PBXContainerItemProxy section */
		F065B8F32076B1BE00AD4EB6 /* PBXContainerItemProxy */ = {
			isa = PBXContainerItemProxy;
			containerPortal = F065B8D02076B1BE00AD4EB6 /* Project object */;
			proxyType = 1;
			remoteGlobalIDString = F065B8D72076B1BE00AD4EB6;
			remoteInfo = "IOS FINAL";
		};
		F065B8FE2076B1BE00AD4EB6 /* PBXContainerItemProxy */ = {
			isa = PBXContainerItemProxy;
			containerPortal = F065B8D02076B1BE00AD4EB6 /* Project object */;
			proxyType = 1;
			remoteGlobalIDString = F065B8D72076B1BE00AD4EB6;
			remoteInfo = "IOS FINAL";
		};
/* End PBXContainerItemProxy section */

/* Begin PBXFileReference section */
		F03AA70C20890EC000AE3001 /* GameOverScene.swift */ = {isa = PBXFileReference; lastKnownFileType = sourcecode.swift; path = GameOverScene.swift; sourceTree = "<group>"; };
		F03AA71020891D5B00AE3001 /* background.mp3 */ = {isa = PBXFileReference; lastKnownFileType = audio.mp3; path = background.mp3; sourceTree = "<group>"; };
		F03AA7122089304E00AE3001 /* GameTitleScene.swift */ = {isa = PBXFileReference; lastKnownFileType = sourcecode.swift; path = GameTitleScene.swift; sourceTree = "<group>"; };
		F03AA7142089375F00AE3001 /* MyParticle.sks */ = {isa = PBXFileReference; lastKnownFileType = file.sks; path = MyParticle.sks; sourceTree = "<group>"; };
		F065B8D82076B1BE00AD4EB6 /* IOS FINAL.app */ = {isa = PBXFileReference; explicitFileType = wrapper.application; includeInIndex = 0; path = "IOS FINAL.app"; sourceTree = BUILT_PRODUCTS_DIR; };
		F065B8DB2076B1BE00AD4EB6 /* AppDelegate.swift */ = {isa = PBXFileReference; lastKnownFileType = sourcecode.swift; path = AppDelegate.swift; sourceTree = "<group>"; };
		F065B8DD2076B1BE00AD4EB6 /* GameScene.sks */ = {isa = PBXFileReference; lastKnownFileType = file.sks; path = GameScene.sks; sourceTree = "<group>"; };
		F065B8DF2076B1BE00AD4EB6 /* Actions.sks */ = {isa = PBXFileReference; lastKnownFileType = file.sks; path = Actions.sks; sourceTree = "<group>"; };
		F065B8E12076B1BE00AD4EB6 /* GameScene.swift */ = {isa = PBXFileReference; lastKnownFileType = sourcecode.swift; path = GameScene.swift; sourceTree = "<group>"; };
		F065B8E32076B1BE00AD4EB6 /* GameViewController.swift */ = {isa = PBXFileReference; lastKnownFileType = sourcecode.swift; path = GameViewController.swift; sourceTree = "<group>"; };
		F065B8E62076B1BE00AD4EB6 /* Base */ = {isa = PBXFileReference; lastKnownFileType = file.storyboard; name = Base; path = Base.lproj/Main.storyboard; sourceTree = "<group>"; };
		F065B8E82076B1BE00AD4EB6 /* Assets.xcassets */ = {isa = PBXFileReference; lastKnownFileType = folder.assetcatalog; path = Assets.xcassets; sourceTree = "<group>"; };
		F065B8EB2076B1BE00AD4EB6 /* Base */ = {isa = PBXFileReference; lastKnownFileType = file.storyboard; name = Base; path = Base.lproj/LaunchScreen.storyboard; sourceTree = "<group>"; };
		F065B8ED2076B1BE00AD4EB6 /* Info.plist */ = {isa = PBXFileReference; lastKnownFileType = text.plist.xml; path = Info.plist; sourceTree = "<group>"; };
		F065B8F22076B1BE00AD4EB6 /* IOS FINALTests.xctest */ = {isa = PBXFileReference; explicitFileType = wrapper.cfbundle; includeInIndex = 0; path = "IOS FINALTests.xctest"; sourceTree = BUILT_PRODUCTS_DIR; };
		F065B8F62076B1BE00AD4EB6 /* IOS_FINALTests.swift */ = {isa = PBXFileReference; lastKnownFileType = sourcecode.swift; path = IOS_FINALTests.swift; sourceTree = "<group>"; };
		F065B8F82076B1BE00AD4EB6 /* Info.plist */ = {isa = PBXFileReference; lastKnownFileType = text.plist.xml; path = Info.plist; sourceTree = "<group>"; };
		F065B8FD2076B1BE00AD4EB6 /* IOS FINALUITests.xctest */ = {isa = PBXFileReference; explicitFileType = wrapper.cfbundle; includeInIndex = 0; path = "IOS FINALUITests.xctest"; sourceTree = BUILT_PRODUCTS_DIR; };
		F065B9012076B1BE00AD4EB6 /* IOS_FINALUITests.swift */ = {isa = PBXFileReference; lastKnownFileType = sourcecode.swift; path = IOS_FINALUITests.swift; sourceTree = "<group>"; };
		F065B9032076B1BE00AD4EB6 /* Info.plist */ = {isa = PBXFileReference; lastKnownFileType = text.plist.xml; path = Info.plist; sourceTree = "<group>"; };
		F065B90F2076B3CB00AD4EB6 /* GameElements.swift */ = {isa = PBXFileReference; lastKnownFileType = sourcecode.swift; path = GameElements.swift; sourceTree = "<group>"; };
/* End PBXFileReference section */

/* Begin PBXFrameworksBuildPhase section */
		F065B8D52076B1BE00AD4EB6 /* Frameworks */ = {
			isa = PBXFrameworksBuildPhase;
			buildActionMask = 2147483647;
			files = (
			);
			runOnlyForDeploymentPostprocessing = 0;
		};
		F065B8EF2076B1BE00AD4EB6 /* Frameworks */ = {
			isa = PBXFrameworksBuildPhase;
			buildActionMask = 2147483647;
			files = (
			);
			runOnlyForDeploymentPostprocessing = 0;
		};
		F065B8FA2076B1BE00AD4EB6 /* Frameworks */ = {
			isa = PBXFrameworksBuildPhase;
			buildActionMask = 2147483647;
			files = (
			);
			runOnlyForDeploymentPostprocessing = 0;
		};
/* End PBXFrameworksBuildPhase section */

/* Begin PBXGroup section */
		F065B8CF2076B1BE00AD4EB6 = {
			isa = PBXGroup;
			children = (
				F065B8DA2076B1BE00AD4EB6 /* IOS FINAL */,
				F065B8F52076B1BE00AD4EB6 /* IOS FINALTests */,
				F065B9002076B1BE00AD4EB6 /* IOS FINALUITests */,
				F065B8D92076B1BE00AD4EB6 /* Products */,
			);
			sourceTree = "<group>";
		};
		F065B8D92076B1BE00AD4EB6 /* Products */ = {
			isa = PBXGroup;
			children = (
				F065B8D82076B1BE00AD4EB6 /* IOS FINAL.app */,
				F065B8F22076B1BE00AD4EB6 /* IOS FINALTests.xctest */,
				F065B8FD2076B1BE00AD4EB6 /* IOS FINALUITests.xctest */,
			);
			name = Products;
			sourceTree = "<group>";
		};
		F065B8DA2076B1BE00AD4EB6 /* IOS FINAL */ = {
			isa = PBXGroup;
			children = (
				F03AA71020891D5B00AE3001 /* background.mp3 */,
				F065B8DB2076B1BE00AD4EB6 /* AppDelegate.swift */,
				F065B8DD2076B1BE00AD4EB6 /* GameScene.sks */,
				F065B8DF2076B1BE00AD4EB6 /* Actions.sks */,
				F065B8E12076B1BE00AD4EB6 /* GameScene.swift */,
				F065B90F2076B3CB00AD4EB6 /* GameElements.swift */,
				F03AA70C20890EC000AE3001 /* GameOverScene.swift */,
				F03AA7122089304E00AE3001 /* GameTitleScene.swift */,
				F065B8E32076B1BE00AD4EB6 /* GameViewController.swift */,
				F065B8E52076B1BE00AD4EB6 /* Main.storyboard */,
				F065B8E82076B1BE00AD4EB6 /* Assets.xcassets */,
				F065B8EA2076B1BE00AD4EB6 /* LaunchScreen.storyboard */,
				F065B8ED2076B1BE00AD4EB6 /* Info.plist */,
				F03AA7142089375F00AE3001 /* MyParticle.sks */,
			);
			path = "IOS FINAL";
			sourceTree = "<group>";
			usesTabs = 0;
		};
		F065B8F52076B1BE00AD4EB6 /* IOS FINALTests */ = {
			isa = PBXGroup;
			children = (
				F065B8F62076B1BE00AD4EB6 /* IOS_FINALTests.swift */,
				F065B8F82076B1BE00AD4EB6 /* Info.plist */,
			);
			path = "IOS FINALTests";
			sourceTree = "<group>";
		};
		F065B9002076B1BE00AD4EB6 /* IOS FINALUITests */ = {
			isa = PBXGroup;
			children = (
				F065B9012076B1BE00AD4EB6 /* IOS_FINALUITests.swift */,
				F065B9032076B1BE00AD4EB6 /* Info.plist */,
			);
			path = "IOS FINALUITests";
			sourceTree = "<group>";
		};
/* End PBXGroup section */

/* Begin PBXNativeTarget section */
		F065B8D72076B1BE00AD4EB6 /* IOS FINAL */ = {
			isa = PBXNativeTarget;
			buildConfigurationList = F065B9062076B1BE00AD4EB6 /* Build configuration list for PBXNativeTarget "IOS FINAL" */;
			buildPhases = (
				F065B8D42076B1BE00AD4EB6 /* Sources */,
				F065B8D52076B1BE00AD4EB6 /* Frameworks */,
				F065B8D62076B1BE00AD4EB6 /* Resources */,
			);
			buildRules = (
			);
			dependencies = (
			);
			name = "IOS FINAL";
			productName = "IOS FINAL";
			productReference = F065B8D82076B1BE00AD4EB6 /* IOS FINAL.app */;
			productType = "com.apple.product-type.application";
		};
		F065B8F12076B1BE00AD4EB6 /* IOS FINALTests */ = {
			isa = PBXNativeTarget;
			buildConfigurationList = F065B9092076B1BE00AD4EB6 /* Build configuration list for PBXNativeTarget "IOS FINALTests" */;
			buildPhases = (
				F065B8EE2076B1BE00AD4EB6 /* Sources */,
				F065B8EF2076B1BE00AD4EB6 /* Frameworks */,
				F065B8F02076B1BE00AD4EB6 /* Resources */,
			);
			buildRules = (
			);
			dependencies = (
				F065B8F42076B1BE00AD4EB6 /* PBXTargetDependency */,
			);
			name = "IOS FINALTests";
			productName = "IOS FINALTests";
			productReference = F065B8F22076B1BE00AD4EB6 /* IOS FINALTests.xctest */;
			productType = "com.apple.product-type.bundle.unit-test";
		};
		F065B8FC2076B1BE00AD4EB6 /* IOS FINALUITests */ = {
			isa = PBXNativeTarget;
			buildConfigurationList = F065B90C2076B1BE00AD4EB6 /* Build configuration list for PBXNativeTarget "IOS FINALUITests" */;
			buildPhases = (
				F065B8F92076B1BE00AD4EB6 /* Sources */,
				F065B8FA2076B1BE00AD4EB6 /* Frameworks */,
				F065B8FB2076B1BE00AD4EB6 /* Resources */,
			);
			buildRules = (
			);
			dependencies = (
				F065B8FF2076B1BE00AD4EB6 /* PBXTargetDependency */,
			);
			name = "IOS FINALUITests";
			productName = "IOS FINALUITests";
			productReference = F065B8FD2076B1BE00AD4EB6 /* IOS FINALUITests.xctest */;
			productType = "com.apple.product-type.bundle.ui-testing";
		};
/* End PBXNativeTarget section */

/* Begin PBXProject section */
		F065B8D02076B1BE00AD4EB6 /* Project object */ = {
			isa = PBXProject;
			attributes = {
				LastSwiftUpdateCheck = 0920;
				LastUpgradeCheck = 0920;
				ORGANIZATIONNAME = "Rodrigues Isaac";
				TargetAttributes = {
					F065B8D72076B1BE00AD4EB6 = {
						CreatedOnToolsVersion = 9.2;
						ProvisioningStyle = Automatic;
					};
					F065B8F12076B1BE00AD4EB6 = {
						CreatedOnToolsVersion = 9.2;
						ProvisioningStyle = Automatic;
						TestTargetID = F065B8D72076B1BE00AD4EB6;
					};
					F065B8FC2076B1BE00AD4EB6 = {
						CreatedOnToolsVersion = 9.2;
						ProvisioningStyle = Automatic;
						TestTargetID = F065B8D72076B1BE00AD4EB6;
					};
				};
			};
			buildConfigurationList = F065B8D32076B1BE00AD4EB6 /* Build configuration list for PBXProject "IOS FINAL" */;
			compatibilityVersion = "Xcode 8.0";
			developmentRegion = en;
			hasScannedForEncodings = 0;
			knownRegions = (
				en,
				Base,
			);
			mainGroup = F065B8CF2076B1BE00AD4EB6;
			productRefGroup = F065B8D92076B1BE00AD4EB6 /* Products */;
			projectDirPath = "";
			projectRoot = "";
			targets = (
				F065B8D72076B1BE00AD4EB6 /* IOS FINAL */,
				F065B8F12076B1BE00AD4EB6 /* IOS FINALTests */,
				F065B8FC2076B1BE00AD4EB6 /* IOS FINALUITests */,
			);
		};
/* End PBXProject section */

/* Begin PBXResourcesBuildPhase section */
		F065B8D62076B1BE00AD4EB6 /* Resources */ = {
			isa = PBXResourcesBuildPhase;
			buildActionMask = 2147483647;
			files = (
				F065B8E72076B1BE00AD4EB6 /* Main.storyboard in Resources */,
				F065B8DE2076B1BE00AD4EB6 /* GameScene.sks in Resources */,
				F065B8E92076B1BE00AD4EB6 /* Assets.xcassets in Resources */,
				F065B8EC2076B1BE00AD4EB6 /* LaunchScreen.storyboard in Resources */,
				F03AA7152089375F00AE3001 /* MyParticle.sks in Resources */,
				F03AA71120891D5B00AE3001 /* background.mp3 in Resources */,
				F065B8E02076B1BE00AD4EB6 /* Actions.sks in Resources */,
			);
			runOnlyForDeploymentPostprocessing = 0;
		};
		F065B8F02076B1BE00AD4EB6 /* Resources */ = {
			isa = PBXResourcesBuildPhase;
			buildActionMask = 2147483647;
			files = (
			);
			runOnlyForDeploymentPostprocessing = 0;
		};
		F065B8FB2076B1BE00AD4EB6 /* Resources */ = {
			isa = PBXResourcesBuildPhase;
			buildActionMask = 2147483647;
			files = (
			);
			runOnlyForDeploymentPostprocessing = 0;
		};
/* End PBXResourcesBuildPhase section */

/* Begin PBXSourcesBuildPhase section */
		F065B8D42076B1BE00AD4EB6 /* Sources */ = {
			isa = PBXSourcesBuildPhase;
			buildActionMask = 2147483647;
			files = (
				F03AA70D20890EC000AE3001 /* GameOverScene.swift in Sources */,
				F065B9102076B3CB00AD4EB6 /* GameElements.swift in Sources */,
				F065B8E22076B1BE00AD4EB6 /* GameScene.swift in Sources */,
				F065B8E42076B1BE00AD4EB6 /* GameViewController.swift in Sources */,
				F065B8DC2076B1BE00AD4EB6 /* AppDelegate.swift in Sources */,
				F03AA7132089304E00AE3001 /* GameTitleScene.swift in Sources */,
			);
			runOnlyForDeploymentPostprocessing = 0;
		};
		F065B8EE2076B1BE00AD4EB6 /* Sources */ = {
			isa = PBXSourcesBuildPhase;
			buildActionMask = 2147483647;
			files = (
				F065B8F72076B1BE00AD4EB6 /* IOS_FINALTests.swift in Sources */,
			);
			runOnlyForDeploymentPostprocessing = 0;
		};
		F065B8F92076B1BE00AD4EB6 /* Sources */ = {
			isa = PBXSourcesBuildPhase;
			buildActionMask = 2147483647;
			files = (
				F065B9022076B1BE00AD4EB6 /* IOS_FINALUITests.swift in Sources */,
			);
			runOnlyForDeploymentPostprocessing = 0;
		};
/* End PBXSourcesBuildPhase section */

/* Begin PBXTargetDependency section */
		F065B8F42076B1BE00AD4EB6 /* PBXTargetDependency */ = {
			isa = PBXTargetDependency;
			target = F065B8D72076B1BE00AD4EB6 /* IOS FINAL */;
			targetProxy = F065B8F32076B1BE00AD4EB6 /* PBXContainerItemProxy */;
		};
		F065B8FF2076B1BE00AD4EB6 /* PBXTargetDependency */ = {
			isa = PBXTargetDependency;
			target = F065B8D72076B1BE00AD4EB6 /* IOS FINAL */;
			targetProxy = F065B8FE2076B1BE00AD4EB6 /* PBXContainerItemProxy */;
		};
/* End PBXTargetDependency section */

/* Begin PBXVariantGroup section */
		F065B8E52076B1BE00AD4EB6 /* Main.storyboard */ = {
			isa = PBXVariantGroup;
			children = (
				F065B8E62076B1BE00AD4EB6 /* Base */,
			);
			name = Main.storyboard;
			sourceTree = "<group>";
		};
		F065B8EA2076B1BE00AD4EB6 /* LaunchScreen.storyboard */ = {
			isa = PBXVariantGroup;
			children = (
				F065B8EB2076B1BE00AD4EB6 /* Base */,
			);
			name = LaunchScreen.storyboard;
			sourceTree = "<group>";
		};
/* End PBXVariantGroup section */

/* Begin XCBuildConfiguration section */
		F065B9042076B1BE00AD4EB6 /* Debug */ = {
			isa = XCBuildConfiguration;
			buildSettings = {
				ALWAYS_SEARCH_USER_PATHS = NO;
				CLANG_ANALYZER_NONNULL = YES;
				CLANG_ANALYZER_NUMBER_OBJECT_CONVERSION = YES_AGGRESSIVE;
				CLANG_CXX_LANGUAGE_STANDARD = "gnu++14";
				CLANG_CXX_LIBRARY = "libc++";
				CLANG_ENABLE_MODULES = YES;
				CLANG_ENABLE_OBJC_ARC = YES;
				CLANG_WARN_BLOCK_CAPTURE_AUTORELEASING = YES;
				CLANG_WARN_BOOL_CONVERSION = YES;
				CLANG_WARN_COMMA = YES;
				CLANG_WARN_CONSTANT_CONVERSION = YES;
				CLANG_WARN_DIRECT_OBJC_ISA_USAGE = YES_ERROR;
				CLANG_WARN_DOCUMENTATION_COMMENTS = YES;
				CLANG_WARN_EMPTY_BODY = YES;
				CLANG_WARN_ENUM_CONVERSION = YES;
				CLANG_WARN_INFINITE_RECURSION = YES;
				CLANG_WARN_INT_CONVERSION = YES;
				CLANG_WARN_NON_LITERAL_NULL_CONVERSION = YES;
				CLANG_WARN_OBJC_LITERAL_CONVERSION = YES;
				CLANG_WARN_OBJC_ROOT_CLASS = YES_ERROR;
				CLANG_WARN_RANGE_LOOP_ANALYSIS = YES;
				CLANG_WARN_STRICT_PROTOTYPES = YES;
				CLANG_WARN_SUSPICIOUS_MOVE = YES;
				CLANG_WARN_UNGUARDED_AVAILABILITY = YES_AGGRESSIVE;
				CLANG_WARN_UNREACHABLE_CODE = YES;
				CLANG_WARN__DUPLICATE_METHOD_MATCH = YES;
				CODE_SIGN_IDENTITY = "iPhone Developer";
				COPY_PHASE_STRIP = NO;
				DEBUG_INFORMATION_FORMAT = dwarf;
				ENABLE_STRICT_OBJC_MSGSEND = YES;
				ENABLE_TESTABILITY = YES;
				GCC_C_LANGUAGE_STANDARD = gnu11;
				GCC_DYNAMIC_NO_PIC = NO;
				GCC_NO_COMMON_BLOCKS = YES;
				GCC_OPTIMIZATION_LEVEL = 0;
				GCC_PREPROCESSOR_DEFINITIONS = (
					"DEBUG=1",
					"$(inherited)",
				);
				GCC_WARN_64_TO_32_BIT_CONVERSION = YES;
				GCC_WARN_ABOUT_RETURN_TYPE = YES_ERROR;
				GCC_WARN_UNDECLARED_SELECTOR = YES;
				GCC_WARN_UNINITIALIZED_AUTOS = YES_AGGRESSIVE;
				GCC_WARN_UNUSED_FUNCTION = YES;
				GCC_WARN_UNUSED_VARIABLE = YES;
				IPHONEOS_DEPLOYMENT_TARGET = 11.2;
				MTL_ENABLE_DEBUG_INFO = YES;
				ONLY_ACTIVE_ARCH = YES;
				SDKROOT = iphoneos;
				SWIFT_ACTIVE_COMPILATION_CONDITIONS = DEBUG;
				SWIFT_OPTIMIZATION_LEVEL = "-Onone";
			};
			name = Debug;
		};
		F065B9052076B1BE00AD4EB6 /* Release */ = {
			isa = XCBuildConfiguration;
			buildSettings = {
				ALWAYS_SEARCH_USER_PATHS = NO;
				CLANG_ANALYZER_NONNULL = YES;
				CLANG_ANALYZER_NUMBER_OBJECT_CONVERSION = YES_AGGRESSIVE;
				CLANG_CXX_LANGUAGE_STANDARD = "gnu++14";
				CLANG_CXX_LIBRARY = "libc++";
				CLANG_ENABLE_MODULES = YES;
				CLANG_ENABLE_OBJC_ARC = YES;
				CLANG_WARN_BLOCK_CAPTURE_AUTORELEASING = YES;
				CLANG_WARN_BOOL_CONVERSION = YES;
				CLANG_WARN_COMMA = YES;
				CLANG_WARN_CONSTANT_CONVERSION = YES;
				CLANG_WARN_DIRECT_OBJC_ISA_USAGE = YES_ERROR;
				CLANG_WARN_DOCUMENTATION_COMMENTS = YES;
				CLANG_WARN_EMPTY_BODY = YES;
				CLANG_WARN_ENUM_CONVERSION = YES;
				CLANG_WARN_INFINITE_RECURSION = YES;
				CLANG_WARN_INT_CONVERSION = YES;
				CLANG_WARN_NON_LITERAL_NULL_CONVERSION = YES;
				CLANG_WARN_OBJC_LITERAL_CONVERSION = YES;
				CLANG_WARN_OBJC_ROOT_CLASS = YES_ERROR;
				CLANG_WARN_RANGE_LOOP_ANALYSIS = YES;
				CLANG_WARN_STRICT_PROTOTYPES = YES;
				CLANG_WARN_SUSPICIOUS_MOVE = YES;
				CLANG_WARN_UNGUARDED_AVAILABILITY = YES_AGGRESSIVE;
				CLANG_WARN_UNREACHABLE_CODE = YES;
				CLANG_WARN__DUPLICATE_METHOD_MATCH = YES;
				CODE_SIGN_IDENTITY = "iPhone Developer";
				COPY_PHASE_STRIP = NO;
				DEBUG_INFORMATION_FORMAT = "dwarf-with-dsym";
				ENABLE_NS_ASSERTIONS = NO;
				ENABLE_STRICT_OBJC_MSGSEND = YES;
				GCC_C_LANGUAGE_STANDARD = gnu11;
				GCC_NO_COMMON_BLOCKS = YES;
				GCC_WARN_64_TO_32_BIT_CONVERSION = YES;
				GCC_WARN_ABOUT_RETURN_TYPE = YES_ERROR;
				GCC_WARN_UNDECLARED_SELECTOR = YES;
				GCC_WARN_UNINITIALIZED_AUTOS = YES_AGGRESSIVE;
				GCC_WARN_UNUSED_FUNCTION = YES;
				GCC_WARN_UNUSED_VARIABLE = YES;
				IPHONEOS_DEPLOYMENT_TARGET = 11.2;
				MTL_ENABLE_DEBUG_INFO = NO;
				SDKROOT = iphoneos;
				SWIFT_OPTIMIZATION_LEVEL = "-Owholemodule";
				VALIDATE_PRODUCT = YES;
			};
			name = Release;
		};
		F065B9072076B1BE00AD4EB6 /* Debug */ = {
			isa = XCBuildConfiguration;
			buildSettings = {
				ASSETCATALOG_COMPILER_APPICON_NAME = AppIcon;
				CODE_SIGN_STYLE = Automatic;
				INFOPLIST_FILE = "IOS FINAL/Info.plist";
				LD_RUNPATH_SEARCH_PATHS = "$(inherited) @executable_path/Frameworks";
				PRODUCT_BUNDLE_IDENTIFIER = "Isaac-Rodrigues.IOS-FINAL";
				PRODUCT_NAME = "$(TARGET_NAME)";
				SWIFT_VERSION = 4.0;
				TARGETED_DEVICE_FAMILY = "1,2";
			};
			name = Debug;
		};
		F065B9082076B1BE00AD4EB6 /* Release */ = {
			isa = XCBuildConfiguration;
			buildSettings = {
				ASSETCATALOG_COMPILER_APPICON_NAME = AppIcon;
				CODE_SIGN_STYLE = Automatic;
				INFOPLIST_FILE = "IOS FINAL/Info.plist";
				LD_RUNPATH_SEARCH_PATHS = "$(inherited) @executable_path/Frameworks";
				PRODUCT_BUNDLE_IDENTIFIER = "Isaac-Rodrigues.IOS-FINAL";
				PRODUCT_NAME = "$(TARGET_NAME)";
				SWIFT_VERSION = 4.0;
				TARGETED_DEVICE_FAMILY = "1,2";
			};
			name = Release;
		};
		F065B90A2076B1BE00AD4EB6 /* Debug */ = {
			isa = XCBuildConfiguration;
			buildSettings = {
				ALWAYS_EMBED_SWIFT_STANDARD_LIBRARIES = YES;
				BUNDLE_LOADER = "$(TEST_HOST)";
				CODE_SIGN_STYLE = Automatic;
				INFOPLIST_FILE = "IOS FINALTests/Info.plist";
				LD_RUNPATH_SEARCH_PATHS = "$(inherited) @executable_path/Frameworks @loader_path/Frameworks";
				PRODUCT_BUNDLE_IDENTIFIER = "Isaac-Rodrigues.IOS-FINALTests";
				PRODUCT_NAME = "$(TARGET_NAME)";
				SWIFT_VERSION = 4.0;
				TARGETED_DEVICE_FAMILY = "1,2";
				TEST_HOST = "$(BUILT_PRODUCTS_DIR)/IOS FINAL.app/IOS FINAL";
			};
			name = Debug;
		};
		F065B90B2076B1BE00AD4EB6 /* Release */ = {
			isa = XCBuildConfiguration;
			buildSettings = {
				ALWAYS_EMBED_SWIFT_STANDARD_LIBRARIES = YES;
				BUNDLE_LOADER = "$(TEST_HOST)";
				CODE_SIGN_STYLE = Automatic;
				INFOPLIST_FILE = "IOS FINALTests/Info.plist";
				LD_RUNPATH_SEARCH_PATHS = "$(inherited) @executable_path/Frameworks @loader_path/Frameworks";
				PRODUCT_BUNDLE_IDENTIFIER = "Isaac-Rodrigues.IOS-FINALTests";
				PRODUCT_NAME = "$(TARGET_NAME)";
				SWIFT_VERSION = 4.0;
				TARGETED_DEVICE_FAMILY = "1,2";
				TEST_HOST = "$(BUILT_PRODUCTS_DIR)/IOS FINAL.app/IOS FINAL";
			};
			name = Release;
		};
		F065B90D2076B1BE00AD4EB6 /* Debug */ = {
			isa = XCBuildConfiguration;
			buildSettings = {
				ALWAYS_EMBED_SWIFT_STANDARD_LIBRARIES = YES;
				CODE_SIGN_STYLE = Automatic;
				INFOPLIST_FILE = "IOS FINALUITests/Info.plist";
				LD_RUNPATH_SEARCH_PATHS = "$(inherited) @executable_path/Frameworks @loader_path/Frameworks";
				PRODUCT_BUNDLE_IDENTIFIER = "Isaac-Rodrigues.IOS-FINALUITests";
				PRODUCT_NAME = "$(TARGET_NAME)";
				SWIFT_VERSION = 4.0;
				TARGETED_DEVICE_FAMILY = "1,2";
				TEST_TARGET_NAME = "IOS FINAL";
			};
			name = Debug;
		};
		F065B90E2076B1BE00AD4EB6 /* Release */ = {
			isa = XCBuildConfiguration;
			buildSettings = {
				ALWAYS_EMBED_SWIFT_STANDARD_LIBRARIES = YES;
				CODE_SIGN_STYLE = Automatic;
				INFOPLIST_FILE = "IOS FINALUITests/Info.plist";
				LD_RUNPATH_SEARCH_PATHS = "$(inherited) @executable_path/Frameworks @loader_path/Frameworks";
				PRODUCT_BUNDLE_IDENTIFIER = "Isaac-Rodrigues.IOS-FINALUITests";
				PRODUCT_NAME = "$(TARGET_NAME)";
				SWIFT_VERSION = 4.0;
				TARGETED_DEVICE_FAMILY = "1,2";
				TEST_TARGET_NAME = "IOS FINAL";
			};
			name = Release;
		};
/* End XCBuildConfiguration section */

/* Begin XCConfigurationList section */
		F065B8D32076B1BE00AD4EB6 /* Build configuration list for PBXProject "IOS FINAL" */ = {
			isa = XCConfigurationList;
			buildConfigurations = (
				F065B9042076B1BE00AD4EB6 /* Debug */,
				F065B9052076B1BE00AD4EB6 /* Release */,
			);
			defaultConfigurationIsVisible = 0;
			defaultConfigurationName = Release;
		};
		F065B9062076B1BE00AD4EB6 /* Build configuration list for PBXNativeTarget "IOS FINAL" */ = {
			isa = XCConfigurationList;
			buildConfigurations = (
				F065B9072076B1BE00AD4EB6 /* Debug */,
				F065B9082076B1BE00AD4EB6 /* Release */,
			);
			defaultConfigurationIsVisible = 0;
			defaultConfigurationName = Release;
		};
		F065B9092076B1BE00AD4EB6 /* Build configuration list for PBXNativeTarget "IOS FINALTests" */ = {
			isa = XCConfigurationList;
			buildConfigurations = (
				F065B90A2076B1BE00AD4EB6 /* Debug */,
				F065B90B2076B1BE00AD4EB6 /* Release */,
			);
			defaultConfigurationIsVisible = 0;
			defaultConfigurationName = Release;
		};
		F065B90C2076B1BE00AD4EB6 /* Build configuration list for PBXNativeTarget "IOS FINALUITests" */ = {
			isa = XCConfigurationList;
			buildConfigurations = (
				F065B90D2076B1BE00AD4EB6 /* Debug */,
				F065B90E2076B1BE00AD4EB6 /* Release */,
			);
			defaultConfigurationIsVisible = 0;
			defaultConfigurationName = Release;
		};
/* End XCConfigurationList section */
	};
	rootObject = F065B8D02076B1BE00AD4EB6 /* Project object */;
}
